
Microsoft Visual Studio Solution File, Format Version 12.00
# Visual Studio Version 16
VisualStudioVersion = 16.0.30503.244
MinimumVisualStudioVersion = 10.0.40219.1
Project("{FAE04EC0-301F-11D3-BF4B-00C04F79EFBC}") = "Task_1", "Task_1\Task_1.csproj", "{1096E581-93A2-49E8-810A-5CF35F5BA1F7}"
EndProject
Project("{FAE04EC0-301F-11D3-BF4B-00C04F79EFBC}") = "Task_2", "Task_2\Task_2.csproj", "{C83C4368-D732-4500-B92F-FB2235624E61}"
EndProject
Project("{FAE04EC0-301F-11D3-BF4B-00C04F79EFBC}") = "Task_3", "Task_3\Task_3.csproj", "{99392375-10C1-43A0-B1EB-D3EA71E5310A}"
EndProject
Global
	GlobalSection(SolutionConfigurationPlatforms) = preSolution
		Debug|Any CPU = Debug|Any CPU
		Release|Any CPU = Release|Any CPU
	EndGlobalSection
	GlobalSection(ProjectConfigurationPlatforms) = postSolution
		{1096E581-93A2-49E8-810A-5CF35F5BA1F7}.Debug|Any CPU.ActiveCfg = Debug|Any CPU
		{1096E581-93A2-49E8-810A-5CF35F5BA1F7}.Debug|Any CPU.Build.0 = Debug|Any CPU
		{1096E581-93A2-49E8-810A-5CF35F5BA1F7}.Release|Any CPU.ActiveCfg = Release|Any CPU
		{1096E581-93A2-49E8-810A-5CF35F5BA1F7}.Release|Any CPU.Build.0 = Release|Any CPU
		{C83C4368-D732-4500-B92F-FB2235624E61}.Debug|Any CPU.ActiveCfg = Debug|Any CPU
		{C83C4368-D732-4500-B92F-FB2235624E61}.Debug|Any CPU.Build.0 = Debug|Any CPU
		{C83C4368-D732-4500-B92F-FB2235624E61}.Release|Any CPU.ActiveCfg = Release|Any CPU
		{C83C4368-D732-4500-B92F-FB2235624E61}.Release|Any CPU.Build.0 = Release|Any CPU
		{99392375-10C1-43A0-B1EB-D3EA71E5310A}.Debug|Any CPU.ActiveCfg = Debug|Any CPU
		{99392375-10C1-43A0-B1EB-D3EA71E5310A}.Debug|Any CPU.Build.0 = Debug|Any CPU
		{99392375-10C1-43A0-B1EB-D3EA71E5310A}.Release|Any CPU.ActiveCfg = Release|Any CPU
		{99392375-10C1-43A0-B1EB-D3EA71E5310A}.Release|Any CPU.Build.0 = Release|Any CPU
	EndGlobalSection
	GlobalSection(SolutionProperties) = preSolution
		HideSolutionNode = FALSE
	EndGlobalSection
	GlobalSection(ExtensibilityGlobals) = postSolution
		SolutionGuid = {57D944D8-FB00-4001-B94C-CFFA04831C65}
	EndGlobalSection
EndGlobal
