
Microsoft Visual Studio Solution File, Format Version 12.00
# Visual Studio Version 16
VisualStudioVersion = 16.0.30503.244
MinimumVisualStudioVersion = 10.0.40219.1
Project("{FAE04EC0-301F-11D3-BF4B-00C04F79EFBC}") = "Homework", "Homework\Homework.csproj", "{FC965D1C-2265-4750-B95F-F0581965A471}"
EndProject
Global
	GlobalSection(SolutionConfigurationPlatforms) = preSolution
		Debug|Any CPU = Debug|Any CPU
		Release|Any CPU = Release|Any CPU
	EndGlobalSection
	GlobalSection(ProjectConfigurationPlatforms) = postSolution
		{FC965D1C-2265-4750-B95F-F0581965A471}.Debug|Any CPU.ActiveCfg = Debug|Any CPU
		{FC965D1C-2265-4750-B95F-F0581965A471}.Debug|Any CPU.Build.0 = Debug|Any CPU
		{FC965D1C-2265-4750-B95F-F0581965A471}.Release|Any CPU.ActiveCfg = Release|Any CPU
		{FC965D1C-2265-4750-B95F-F0581965A471}.Release|Any CPU.Build.0 = Release|Any CPU
	EndGlobalSection
	GlobalSection(SolutionProperties) = preSolution
		HideSolutionNode = FALSE
	EndGlobalSection
	GlobalSection(ExtensibilityGlobals) = postSolution
		SolutionGuid = {0AAFD44E-F5E6-41A5-800B-A47041799F67}
	EndGlobalSection
EndGlobal
